
Microsoft Visual Studio Solution File, Format Version 12.00
# Visual Studio 15
VisualStudioVersion = 15.0.28307.168
MinimumVisualStudioVersion = 10.0.40219.1
Project("{FAE04EC0-301F-11D3-BF4B-00C04F79EFBC}") = "BL", "BL\BL.csproj", "{CA31BB9A-CA98-4AFD-94C3-482A192A42B6}"
EndProject
Global
	GlobalSection(SolutionConfigurationPlatforms) = preSolution
		Debug|Any CPU = Debug|Any CPU
		Release|Any CPU = Release|Any CPU
	EndGlobalSection
	GlobalSection(ProjectConfigurationPlatforms) = postSolution
		{CA31BB9A-CA98-4AFD-94C3-482A192A42B6}.Debug|Any CPU.ActiveCfg = Debug|Any CPU
		{CA31BB9A-CA98-4AFD-94C3-482A192A42B6}.Debug|Any CPU.Build.0 = Debug|Any CPU
		{CA31BB9A-CA98-4AFD-94C3-482A192A42B6}.Release|Any CPU.ActiveCfg = Release|Any CPU
		{CA31BB9A-CA98-4AFD-94C3-482A192A42B6}.Release|Any CPU.Build.0 = Release|Any CPU
	EndGlobalSection
	GlobalSection(SolutionProperties) = preSolution
		HideSolutionNode = FALSE
	EndGlobalSection
	GlobalSection(ExtensibilityGlobals) = postSolution
		SolutionGuid = {C091542A-AB02-4400-89D6-9E6B5571F46D}
	EndGlobalSection
EndGlobal
